
Microsoft Visual Studio Solution File, Format Version 12.00
# Visual Studio Version 17
VisualStudioVersion = 17.6.33829.357
MinimumVisualStudioVersion = 10.0.40219.1
Project("{9A19103F-16F7-4668-BE54-9A1E7A4F7556}") = "IsPalindrome", "IsPalindrome\IsPalindrome.csproj", "{B09FC4E5-DD8B-46D6-A4C7-FB8545D49E1D}"
EndProject
Project("{9A19103F-16F7-4668-BE54-9A1E7A4F7556}") = "TwoSum", "TwoSum\TwoSum.csproj", "{77A9AE7A-A4B1-48BF-9018-CC5546527218}"
EndProject
Project("{9A19103F-16F7-4668-BE54-9A1E7A4F7556}") = "RomanToInteger", "RomanToInteger\RomanToInteger.csproj", "{CFD93CBF-7E5A-43D2-88A6-700ECB0B4901}"
EndProject
Project("{9A19103F-16F7-4668-BE54-9A1E7A4F7556}") = "LongestCommonPrefix", "LongestCommonPrefix\LongestCommonPrefix.csproj", "{BBFB8C40-E205-4931-AC9D-F5DA3B1E3009}"
EndProject
Project("{9A19103F-16F7-4668-BE54-9A1E7A4F7556}") = "ValidParentheses", "ValidParentheses\ValidParentheses.csproj", "{82844D83-8802-44C3-BD86-BBD488B0DE42}"
EndProject
Project("{9A19103F-16F7-4668-BE54-9A1E7A4F7556}") = "MergeTwoSortedLists", "MergeTwoSortedLists\MergeTwoSortedLists.csproj", "{B136AF8D-1752-4B83-AB09-0E561B0C0F8A}"
EndProject
Project("{9A19103F-16F7-4668-BE54-9A1E7A4F7556}") = "RemoveDuplicatesfromSortedArray", "RemoveDuplicatesfromSortedArray\RemoveDuplicatesfromSortedArray.csproj", "{BA59351C-8C77-465E-9E9D-EBC0206FD2B3}"
EndProject
Project("{9A19103F-16F7-4668-BE54-9A1E7A4F7556}") = "RemoveElement", "RemoveElement\RemoveElement.csproj", "{117E58A3-18B0-4F72-8060-0DE83F048BDD}"
EndProject
Project("{9A19103F-16F7-4668-BE54-9A1E7A4F7556}") = "FindIndexFirstOccurrence", "FindIndexFirstOccurrence\FindIndexFirstOccurrence.csproj", "{8C574DBE-BE45-4DCC-B349-6268DB894FBB}"
EndProject
Project("{9A19103F-16F7-4668-BE54-9A1E7A4F7556}") = "SearchInsertPosition", "SearchInsertPosition\SearchInsertPosition.csproj", "{D3356D78-E8F6-4BDF-99F1-F4CF79B64EBE}"
EndProject
Project("{9A19103F-16F7-4668-BE54-9A1E7A4F7556}") = "LengthofLastWord", "LengthofLastWord\LengthofLastWord.csproj", "{3BA0EDDB-978D-4E7F-92D5-629A5A243F58}"
EndProject
Project("{9A19103F-16F7-4668-BE54-9A1E7A4F7556}") = "PlusOne", "PlusOne\PlusOne.csproj", "{011DF701-4603-44F5-99B5-1207640308EE}"
EndProject
Project("{9A19103F-16F7-4668-BE54-9A1E7A4F7556}") = "AddBinary", "AddBinary\AddBinary.csproj", "{BE194999-D29D-489E-9F3F-30FBFA83E298}"
EndProject
Project("{9A19103F-16F7-4668-BE54-9A1E7A4F7556}") = "Sqrt(x)", "Sqrt(x)\Sqrt(x).csproj", "{82692B0D-79B8-4974-B16B-9FEF191AB47A}"
EndProject
Project("{9A19103F-16F7-4668-BE54-9A1E7A4F7556}") = "ClimbingStairs", "Climbing Stairs\ClimbingStairs.csproj", "{223A6170-2957-421C-9E98-C7BC8E2E7D5B}"
EndProject
Project("{9A19103F-16F7-4668-BE54-9A1E7A4F7556}") = "RemoveDuplicatesfromSortedList", "RemoveDuplicatesfromSortedList\RemoveDuplicatesfromSortedList.csproj", "{DD0BDF30-A708-4810-84B8-1CFE80180C7F}"
EndProject
Project("{9A19103F-16F7-4668-BE54-9A1E7A4F7556}") = "MergeSortedArray", "MergeSortedArray\MergeSortedArray.csproj", "{5E0CE9ED-C172-4564-9371-8E2A7A2C915A}"
EndProject
Project("{9A19103F-16F7-4668-BE54-9A1E7A4F7556}") = "BinaryTreeInorderTraversal", "BinaryTreeInorderTraversal\BinaryTreeInorderTraversal.csproj", "{0E5473C4-BCB7-45D4-BE38-F948F758DD1C}"
EndProject
Project("{9A19103F-16F7-4668-BE54-9A1E7A4F7556}") = "SameTree", "SameTree\SameTree.csproj", "{675547CD-5F42-4D03-8737-594E23E14C26}"
EndProject
Project("{9A19103F-16F7-4668-BE54-9A1E7A4F7556}") = "SymmetricTree", "SymmetricTree\SymmetricTree.csproj", "{949201CA-D997-464B-AE60-FF7DB634AEB9}"
EndProject
Project("{9A19103F-16F7-4668-BE54-9A1E7A4F7556}") = "MaximumDepthofBinaryTree", "MaximumDepthofBinaryTree\MaximumDepthofBinaryTree.csproj", "{3A99B3FE-5D9A-415A-91BD-B2DC0DDBEA68}"
EndProject
Project("{9A19103F-16F7-4668-BE54-9A1E7A4F7556}") = "ConvertSortedArraytoBinarySearchTree", "ConvertSortedArraytoBinarySearchTree\ConvertSortedArraytoBinarySearchTree.csproj", "{13224460-0FC0-481A-9992-9A8F235CC1F0}"
EndProject
Project("{FAE04EC0-301F-11D3-BF4B-00C04F79EFBC}") = "BalancedBinaryTree", "BalancedBinaryTree\BalancedBinaryTree.csproj", "{976A7561-E6C9-4C55-9AD7-8D838B950A3B}"
EndProject
Project("{FAE04EC0-301F-11D3-BF4B-00C04F79EFBC}") = "MinimumDepthofBinaryTree", "MinimumDepthofBinaryTree\MinimumDepthofBinaryTree.csproj", "{A38F2F7D-B4A0-41BF-AE5B-768C53D668C2}"
EndProject
Project("{FAE04EC0-301F-11D3-BF4B-00C04F79EFBC}") = "PathSum", "PathSum\PathSum.csproj", "{AD6D478B-E271-48EF-9416-83A21DB53D33}"
EndProject
Project("{FAE04EC0-301F-11D3-BF4B-00C04F79EFBC}") = "PascalsTriangle", "PascalsTriangle\PascalsTriangle.csproj", "{4F713E49-D58F-41F4-9B2F-5BB2359C54C5}"
EndProject
Project("{FAE04EC0-301F-11D3-BF4B-00C04F79EFBC}") = "PascalsTriangle2", "PascalsTriangle2\PascalsTriangle2.csproj", "{8C475928-4569-47D5-AF4A-0B2FA707969F}"
EndProject
Project("{FAE04EC0-301F-11D3-BF4B-00C04F79EFBC}") = "BestTimetoBuyandSellStock", "BestTimetoBuyandSellStock\BestTimetoBuyandSellStock.csproj", "{13CFB1CF-56A7-42FF-808D-F7D838616B17}"
EndProject
Project("{FAE04EC0-301F-11D3-BF4B-00C04F79EFBC}") = "ValidPalindrome", "ValidPalindrome\ValidPalindrome.csproj", "{3F9051CB-AF9B-4370-A021-44E92DC5B9D1}"
EndProject
Project("{FAE04EC0-301F-11D3-BF4B-00C04F79EFBC}") = "SingleNumber", "SingleNumber\SingleNumber.csproj", "{6AFD72B6-26E4-4377-9654-5C31B5C6846D}"
EndProject
Global
	GlobalSection(SolutionConfigurationPlatforms) = preSolution
		Debug|Any CPU = Debug|Any CPU
		Release|Any CPU = Release|Any CPU
	EndGlobalSection
	GlobalSection(ProjectConfigurationPlatforms) = postSolution
		{B09FC4E5-DD8B-46D6-A4C7-FB8545D49E1D}.Debug|Any CPU.ActiveCfg = Debug|Any CPU
		{B09FC4E5-DD8B-46D6-A4C7-FB8545D49E1D}.Debug|Any CPU.Build.0 = Debug|Any CPU
		{B09FC4E5-DD8B-46D6-A4C7-FB8545D49E1D}.Release|Any CPU.ActiveCfg = Release|Any CPU
		{B09FC4E5-DD8B-46D6-A4C7-FB8545D49E1D}.Release|Any CPU.Build.0 = Release|Any CPU
		{77A9AE7A-A4B1-48BF-9018-CC5546527218}.Debug|Any CPU.ActiveCfg = Debug|Any CPU
		{77A9AE7A-A4B1-48BF-9018-CC5546527218}.Debug|Any CPU.Build.0 = Debug|Any CPU
		{77A9AE7A-A4B1-48BF-9018-CC5546527218}.Release|Any CPU.ActiveCfg = Release|Any CPU
		{77A9AE7A-A4B1-48BF-9018-CC5546527218}.Release|Any CPU.Build.0 = Release|Any CPU
		{CFD93CBF-7E5A-43D2-88A6-700ECB0B4901}.Debug|Any CPU.ActiveCfg = Debug|Any CPU
		{CFD93CBF-7E5A-43D2-88A6-700ECB0B4901}.Debug|Any CPU.Build.0 = Debug|Any CPU
		{CFD93CBF-7E5A-43D2-88A6-700ECB0B4901}.Release|Any CPU.ActiveCfg = Release|Any CPU
		{CFD93CBF-7E5A-43D2-88A6-700ECB0B4901}.Release|Any CPU.Build.0 = Release|Any CPU
		{BBFB8C40-E205-4931-AC9D-F5DA3B1E3009}.Debug|Any CPU.ActiveCfg = Debug|Any CPU
		{BBFB8C40-E205-4931-AC9D-F5DA3B1E3009}.Debug|Any CPU.Build.0 = Debug|Any CPU
		{BBFB8C40-E205-4931-AC9D-F5DA3B1E3009}.Release|Any CPU.ActiveCfg = Release|Any CPU
		{BBFB8C40-E205-4931-AC9D-F5DA3B1E3009}.Release|Any CPU.Build.0 = Release|Any CPU
		{82844D83-8802-44C3-BD86-BBD488B0DE42}.Debug|Any CPU.ActiveCfg = Debug|Any CPU
		{82844D83-8802-44C3-BD86-BBD488B0DE42}.Debug|Any CPU.Build.0 = Debug|Any CPU
		{82844D83-8802-44C3-BD86-BBD488B0DE42}.Release|Any CPU.ActiveCfg = Release|Any CPU
		{82844D83-8802-44C3-BD86-BBD488B0DE42}.Release|Any CPU.Build.0 = Release|Any CPU
		{B136AF8D-1752-4B83-AB09-0E561B0C0F8A}.Debug|Any CPU.ActiveCfg = Debug|Any CPU
		{B136AF8D-1752-4B83-AB09-0E561B0C0F8A}.Debug|Any CPU.Build.0 = Debug|Any CPU
		{B136AF8D-1752-4B83-AB09-0E561B0C0F8A}.Release|Any CPU.ActiveCfg = Release|Any CPU
		{B136AF8D-1752-4B83-AB09-0E561B0C0F8A}.Release|Any CPU.Build.0 = Release|Any CPU
		{BA59351C-8C77-465E-9E9D-EBC0206FD2B3}.Debug|Any CPU.ActiveCfg = Debug|Any CPU
		{BA59351C-8C77-465E-9E9D-EBC0206FD2B3}.Debug|Any CPU.Build.0 = Debug|Any CPU
		{BA59351C-8C77-465E-9E9D-EBC0206FD2B3}.Release|Any CPU.ActiveCfg = Release|Any CPU
		{BA59351C-8C77-465E-9E9D-EBC0206FD2B3}.Release|Any CPU.Build.0 = Release|Any CPU
		{117E58A3-18B0-4F72-8060-0DE83F048BDD}.Debug|Any CPU.ActiveCfg = Debug|Any CPU
		{117E58A3-18B0-4F72-8060-0DE83F048BDD}.Debug|Any CPU.Build.0 = Debug|Any CPU
		{117E58A3-18B0-4F72-8060-0DE83F048BDD}.Release|Any CPU.ActiveCfg = Release|Any CPU
		{117E58A3-18B0-4F72-8060-0DE83F048BDD}.Release|Any CPU.Build.0 = Release|Any CPU
		{8C574DBE-BE45-4DCC-B349-6268DB894FBB}.Debug|Any CPU.ActiveCfg = Debug|Any CPU
		{8C574DBE-BE45-4DCC-B349-6268DB894FBB}.Debug|Any CPU.Build.0 = Debug|Any CPU
		{8C574DBE-BE45-4DCC-B349-6268DB894FBB}.Release|Any CPU.ActiveCfg = Release|Any CPU
		{8C574DBE-BE45-4DCC-B349-6268DB894FBB}.Release|Any CPU.Build.0 = Release|Any CPU
		{D3356D78-E8F6-4BDF-99F1-F4CF79B64EBE}.Debug|Any CPU.ActiveCfg = Debug|Any CPU
		{D3356D78-E8F6-4BDF-99F1-F4CF79B64EBE}.Debug|Any CPU.Build.0 = Debug|Any CPU
		{D3356D78-E8F6-4BDF-99F1-F4CF79B64EBE}.Release|Any CPU.ActiveCfg = Release|Any CPU
		{D3356D78-E8F6-4BDF-99F1-F4CF79B64EBE}.Release|Any CPU.Build.0 = Release|Any CPU
		{3BA0EDDB-978D-4E7F-92D5-629A5A243F58}.Debug|Any CPU.ActiveCfg = Debug|Any CPU
		{3BA0EDDB-978D-4E7F-92D5-629A5A243F58}.Debug|Any CPU.Build.0 = Debug|Any CPU
		{3BA0EDDB-978D-4E7F-92D5-629A5A243F58}.Release|Any CPU.ActiveCfg = Release|Any CPU
		{3BA0EDDB-978D-4E7F-92D5-629A5A243F58}.Release|Any CPU.Build.0 = Release|Any CPU
		{011DF701-4603-44F5-99B5-1207640308EE}.Debug|Any CPU.ActiveCfg = Debug|Any CPU
		{011DF701-4603-44F5-99B5-1207640308EE}.Debug|Any CPU.Build.0 = Debug|Any CPU
		{011DF701-4603-44F5-99B5-1207640308EE}.Release|Any CPU.ActiveCfg = Release|Any CPU
		{011DF701-4603-44F5-99B5-1207640308EE}.Release|Any CPU.Build.0 = Release|Any CPU
		{BE194999-D29D-489E-9F3F-30FBFA83E298}.Debug|Any CPU.ActiveCfg = Debug|Any CPU
		{BE194999-D29D-489E-9F3F-30FBFA83E298}.Debug|Any CPU.Build.0 = Debug|Any CPU
		{BE194999-D29D-489E-9F3F-30FBFA83E298}.Release|Any CPU.ActiveCfg = Release|Any CPU
		{BE194999-D29D-489E-9F3F-30FBFA83E298}.Release|Any CPU.Build.0 = Release|Any CPU
		{82692B0D-79B8-4974-B16B-9FEF191AB47A}.Debug|Any CPU.ActiveCfg = Debug|Any CPU
		{82692B0D-79B8-4974-B16B-9FEF191AB47A}.Debug|Any CPU.Build.0 = Debug|Any CPU
		{82692B0D-79B8-4974-B16B-9FEF191AB47A}.Release|Any CPU.ActiveCfg = Release|Any CPU
		{82692B0D-79B8-4974-B16B-9FEF191AB47A}.Release|Any CPU.Build.0 = Release|Any CPU
		{223A6170-2957-421C-9E98-C7BC8E2E7D5B}.Debug|Any CPU.ActiveCfg = Debug|Any CPU
		{223A6170-2957-421C-9E98-C7BC8E2E7D5B}.Debug|Any CPU.Build.0 = Debug|Any CPU
		{223A6170-2957-421C-9E98-C7BC8E2E7D5B}.Release|Any CPU.ActiveCfg = Release|Any CPU
		{223A6170-2957-421C-9E98-C7BC8E2E7D5B}.Release|Any CPU.Build.0 = Release|Any CPU
		{DD0BDF30-A708-4810-84B8-1CFE80180C7F}.Debug|Any CPU.ActiveCfg = Debug|Any CPU
		{DD0BDF30-A708-4810-84B8-1CFE80180C7F}.Debug|Any CPU.Build.0 = Debug|Any CPU
		{DD0BDF30-A708-4810-84B8-1CFE80180C7F}.Release|Any CPU.ActiveCfg = Release|Any CPU
		{DD0BDF30-A708-4810-84B8-1CFE80180C7F}.Release|Any CPU.Build.0 = Release|Any CPU
		{5E0CE9ED-C172-4564-9371-8E2A7A2C915A}.Debug|Any CPU.ActiveCfg = Debug|Any CPU
		{5E0CE9ED-C172-4564-9371-8E2A7A2C915A}.Debug|Any CPU.Build.0 = Debug|Any CPU
		{5E0CE9ED-C172-4564-9371-8E2A7A2C915A}.Release|Any CPU.ActiveCfg = Release|Any CPU
		{5E0CE9ED-C172-4564-9371-8E2A7A2C915A}.Release|Any CPU.Build.0 = Release|Any CPU
		{0E5473C4-BCB7-45D4-BE38-F948F758DD1C}.Debug|Any CPU.ActiveCfg = Debug|Any CPU
		{0E5473C4-BCB7-45D4-BE38-F948F758DD1C}.Debug|Any CPU.Build.0 = Debug|Any CPU
		{0E5473C4-BCB7-45D4-BE38-F948F758DD1C}.Release|Any CPU.ActiveCfg = Release|Any CPU
		{0E5473C4-BCB7-45D4-BE38-F948F758DD1C}.Release|Any CPU.Build.0 = Release|Any CPU
		{675547CD-5F42-4D03-8737-594E23E14C26}.Debug|Any CPU.ActiveCfg = Debug|Any CPU
		{675547CD-5F42-4D03-8737-594E23E14C26}.Debug|Any CPU.Build.0 = Debug|Any CPU
		{675547CD-5F42-4D03-8737-594E23E14C26}.Release|Any CPU.ActiveCfg = Release|Any CPU
		{675547CD-5F42-4D03-8737-594E23E14C26}.Release|Any CPU.Build.0 = Release|Any CPU
		{949201CA-D997-464B-AE60-FF7DB634AEB9}.Debug|Any CPU.ActiveCfg = Debug|Any CPU
		{949201CA-D997-464B-AE60-FF7DB634AEB9}.Debug|Any CPU.Build.0 = Debug|Any CPU
		{949201CA-D997-464B-AE60-FF7DB634AEB9}.Release|Any CPU.ActiveCfg = Release|Any CPU
		{949201CA-D997-464B-AE60-FF7DB634AEB9}.Release|Any CPU.Build.0 = Release|Any CPU
		{3A99B3FE-5D9A-415A-91BD-B2DC0DDBEA68}.Debug|Any CPU.ActiveCfg = Debug|Any CPU
		{3A99B3FE-5D9A-415A-91BD-B2DC0DDBEA68}.Debug|Any CPU.Build.0 = Debug|Any CPU
		{3A99B3FE-5D9A-415A-91BD-B2DC0DDBEA68}.Release|Any CPU.ActiveCfg = Release|Any CPU
		{3A99B3FE-5D9A-415A-91BD-B2DC0DDBEA68}.Release|Any CPU.Build.0 = Release|Any CPU
		{13224460-0FC0-481A-9992-9A8F235CC1F0}.Debug|Any CPU.ActiveCfg = Debug|Any CPU
		{13224460-0FC0-481A-9992-9A8F235CC1F0}.Debug|Any CPU.Build.0 = Debug|Any CPU
		{13224460-0FC0-481A-9992-9A8F235CC1F0}.Release|Any CPU.ActiveCfg = Release|Any CPU
		{13224460-0FC0-481A-9992-9A8F235CC1F0}.Release|Any CPU.Build.0 = Release|Any CPU
		{976A7561-E6C9-4C55-9AD7-8D838B950A3B}.Debug|Any CPU.ActiveCfg = Debug|Any CPU
		{976A7561-E6C9-4C55-9AD7-8D838B950A3B}.Debug|Any CPU.Build.0 = Debug|Any CPU
		{976A7561-E6C9-4C55-9AD7-8D838B950A3B}.Release|Any CPU.ActiveCfg = Release|Any CPU
		{976A7561-E6C9-4C55-9AD7-8D838B950A3B}.Release|Any CPU.Build.0 = Release|Any CPU
		{A38F2F7D-B4A0-41BF-AE5B-768C53D668C2}.Debug|Any CPU.ActiveCfg = Debug|Any CPU
		{A38F2F7D-B4A0-41BF-AE5B-768C53D668C2}.Debug|Any CPU.Build.0 = Debug|Any CPU
		{A38F2F7D-B4A0-41BF-AE5B-768C53D668C2}.Release|Any CPU.ActiveCfg = Release|Any CPU
		{A38F2F7D-B4A0-41BF-AE5B-768C53D668C2}.Release|Any CPU.Build.0 = Release|Any CPU
		{AD6D478B-E271-48EF-9416-83A21DB53D33}.Debug|Any CPU.ActiveCfg = Debug|Any CPU
		{AD6D478B-E271-48EF-9416-83A21DB53D33}.Debug|Any CPU.Build.0 = Debug|Any CPU
		{AD6D478B-E271-48EF-9416-83A21DB53D33}.Release|Any CPU.ActiveCfg = Release|Any CPU
		{AD6D478B-E271-48EF-9416-83A21DB53D33}.Release|Any CPU.Build.0 = Release|Any CPU
		{4F713E49-D58F-41F4-9B2F-5BB2359C54C5}.Debug|Any CPU.ActiveCfg = Debug|Any CPU
		{4F713E49-D58F-41F4-9B2F-5BB2359C54C5}.Debug|Any CPU.Build.0 = Debug|Any CPU
		{4F713E49-D58F-41F4-9B2F-5BB2359C54C5}.Release|Any CPU.ActiveCfg = Release|Any CPU
		{4F713E49-D58F-41F4-9B2F-5BB2359C54C5}.Release|Any CPU.Build.0 = Release|Any CPU
		{8C475928-4569-47D5-AF4A-0B2FA707969F}.Debug|Any CPU.ActiveCfg = Debug|Any CPU
		{8C475928-4569-47D5-AF4A-0B2FA707969F}.Debug|Any CPU.Build.0 = Debug|Any CPU
		{8C475928-4569-47D5-AF4A-0B2FA707969F}.Release|Any CPU.ActiveCfg = Release|Any CPU
		{8C475928-4569-47D5-AF4A-0B2FA707969F}.Release|Any CPU.Build.0 = Release|Any CPU
		{13CFB1CF-56A7-42FF-808D-F7D838616B17}.Debug|Any CPU.ActiveCfg = Debug|Any CPU
		{13CFB1CF-56A7-42FF-808D-F7D838616B17}.Debug|Any CPU.Build.0 = Debug|Any CPU
		{13CFB1CF-56A7-42FF-808D-F7D838616B17}.Release|Any CPU.ActiveCfg = Release|Any CPU
		{13CFB1CF-56A7-42FF-808D-F7D838616B17}.Release|Any CPU.Build.0 = Release|Any CPU
		{3F9051CB-AF9B-4370-A021-44E92DC5B9D1}.Debug|Any CPU.ActiveCfg = Debug|Any CPU
		{3F9051CB-AF9B-4370-A021-44E92DC5B9D1}.Debug|Any CPU.Build.0 = Debug|Any CPU
		{3F9051CB-AF9B-4370-A021-44E92DC5B9D1}.Release|Any CPU.ActiveCfg = Release|Any CPU
		{3F9051CB-AF9B-4370-A021-44E92DC5B9D1}.Release|Any CPU.Build.0 = Release|Any CPU
		{6AFD72B6-26E4-4377-9654-5C31B5C6846D}.Debug|Any CPU.ActiveCfg = Debug|Any CPU
		{6AFD72B6-26E4-4377-9654-5C31B5C6846D}.Debug|Any CPU.Build.0 = Debug|Any CPU
		{6AFD72B6-26E4-4377-9654-5C31B5C6846D}.Release|Any CPU.ActiveCfg = Release|Any CPU
		{6AFD72B6-26E4-4377-9654-5C31B5C6846D}.Release|Any CPU.Build.0 = Release|Any CPU
	EndGlobalSection
	GlobalSection(SolutionProperties) = preSolution
		HideSolutionNode = FALSE
	EndGlobalSection
	GlobalSection(ExtensibilityGlobals) = postSolution
		SolutionGuid = {50E38A55-3239-4F97-8662-681260D4AA13}
	EndGlobalSection
EndGlobal
