
Microsoft Visual Studio Solution File, Format Version 12.00
# Visual Studio Version 17
VisualStudioVersion = 17.6.33829.357
MinimumVisualStudioVersion = 10.0.40219.1
Project("{9A19103F-16F7-4668-BE54-9A1E7A4F7556}") = "IsPalindrome", "IsPalindrome\IsPalindrome.csproj", "{B09FC4E5-DD8B-46D6-A4C7-FB8545D49E1D}"
EndProject
Project("{9A19103F-16F7-4668-BE54-9A1E7A4F7556}") = "TwoSum", "TwoSum\TwoSum.csproj", "{77A9AE7A-A4B1-48BF-9018-CC5546527218}"
EndProject
Project("{9A19103F-16F7-4668-BE54-9A1E7A4F7556}") = "RomanToInteger", "RomanToInteger\RomanToInteger.csproj", "{CFD93CBF-7E5A-43D2-88A6-700ECB0B4901}"
EndProject
Project("{9A19103F-16F7-4668-BE54-9A1E7A4F7556}") = "LongestCommonPrefix", "LongestCommonPrefix\LongestCommonPrefix.csproj", "{BBFB8C40-E205-4931-AC9D-F5DA3B1E3009}"
EndProject
Project("{9A19103F-16F7-4668-BE54-9A1E7A4F7556}") = "ValidParentheses", "ValidParentheses\ValidParentheses.csproj", "{82844D83-8802-44C3-BD86-BBD488B0DE42}"
EndProject
Project("{9A19103F-16F7-4668-BE54-9A1E7A4F7556}") = "MergeTwoSortedLists", "MergeTwoSortedLists\MergeTwoSortedLists.csproj", "{B136AF8D-1752-4B83-AB09-0E561B0C0F8A}"
EndProject
Project("{9A19103F-16F7-4668-BE54-9A1E7A4F7556}") = "RemoveDuplicatesfromSortedArray", "RemoveDuplicatesfromSortedArray\RemoveDuplicatesfromSortedArray.csproj", "{BA59351C-8C77-465E-9E9D-EBC0206FD2B3}"
EndProject
Project("{9A19103F-16F7-4668-BE54-9A1E7A4F7556}") = "RemoveElement", "RemoveElement\RemoveElement.csproj", "{117E58A3-18B0-4F72-8060-0DE83F048BDD}"
EndProject
Project("{9A19103F-16F7-4668-BE54-9A1E7A4F7556}") = "FindIndexFirstOccurrence", "FindIndexFirstOccurrence\FindIndexFirstOccurrence.csproj", "{8C574DBE-BE45-4DCC-B349-6268DB894FBB}"
EndProject
Project("{9A19103F-16F7-4668-BE54-9A1E7A4F7556}") = "SearchInsertPosition", "SearchInsertPosition\SearchInsertPosition.csproj", "{D3356D78-E8F6-4BDF-99F1-F4CF79B64EBE}"
EndProject
Project("{9A19103F-16F7-4668-BE54-9A1E7A4F7556}") = "LengthofLastWord", "LengthofLastWord\LengthofLastWord.csproj", "{3BA0EDDB-978D-4E7F-92D5-629A5A243F58}"
EndProject
Project("{9A19103F-16F7-4668-BE54-9A1E7A4F7556}") = "PlusOne", "PlusOne\PlusOne.csproj", "{011DF701-4603-44F5-99B5-1207640308EE}"
EndProject
Project("{9A19103F-16F7-4668-BE54-9A1E7A4F7556}") = "AddBinary", "AddBinary\AddBinary.csproj", "{BE194999-D29D-489E-9F3F-30FBFA83E298}"
EndProject
Project("{9A19103F-16F7-4668-BE54-9A1E7A4F7556}") = "Sqrt(x)", "Sqrt(x)\Sqrt(x).csproj", "{82692B0D-79B8-4974-B16B-9FEF191AB47A}"
EndProject
Project("{9A19103F-16F7-4668-BE54-9A1E7A4F7556}") = "ClimbingStairs", "Climbing Stairs\ClimbingStairs.csproj", "{223A6170-2957-421C-9E98-C7BC8E2E7D5B}"
EndProject
Project("{9A19103F-16F7-4668-BE54-9A1E7A4F7556}") = "RemoveDuplicatesfromSortedList", "RemoveDuplicatesfromSortedList\RemoveDuplicatesfromSortedList.csproj", "{DD0BDF30-A708-4810-84B8-1CFE80180C7F}"
EndProject
Project("{9A19103F-16F7-4668-BE54-9A1E7A4F7556}") = "MergeSortedArray", "MergeSortedArray\MergeSortedArray.csproj", "{5E0CE9ED-C172-4564-9371-8E2A7A2C915A}"
EndProject
Project("{9A19103F-16F7-4668-BE54-9A1E7A4F7556}") = "BinaryTreeInorderTraversal", "BinaryTreeInorderTraversal\BinaryTreeInorderTraversal.csproj", "{0E5473C4-BCB7-45D4-BE38-F948F758DD1C}"
EndProject
Project("{9A19103F-16F7-4668-BE54-9A1E7A4F7556}") = "SameTree", "SameTree\SameTree.csproj", "{675547CD-5F42-4D03-8737-594E23E14C26}"
EndProject
Project("{9A19103F-16F7-4668-BE54-9A1E7A4F7556}") = "SymmetricTree", "SymmetricTree\SymmetricTree.csproj", "{949201CA-D997-464B-AE60-FF7DB634AEB9}"
EndProject
Project("{9A19103F-16F7-4668-BE54-9A1E7A4F7556}") = "MaximumDepthofBinaryTree", "MaximumDepthofBinaryTree\MaximumDepthofBinaryTree.csproj", "{3A99B3FE-5D9A-415A-91BD-B2DC0DDBEA68}"
EndProject
Project("{9A19103F-16F7-4668-BE54-9A1E7A4F7556}") = "ConvertSortedArraytoBinarySearchTree", "ConvertSortedArraytoBinarySearchTree\ConvertSortedArraytoBinarySearchTree.csproj", "{13224460-0FC0-481A-9992-9A8F235CC1F0}"
EndProject
Project("{9A19103F-16F7-4668-BE54-9A1E7A4F7556}") = "BalancedBinaryTree", "BalancedBinaryTree\BalancedBinaryTree.csproj", "{976A7561-E6C9-4C55-9AD7-8D838B950A3B}"
EndProject
Project("{9A19103F-16F7-4668-BE54-9A1E7A4F7556}") = "MinimumDepthofBinaryTree", "MinimumDepthofBinaryTree\MinimumDepthofBinaryTree.csproj", "{A38F2F7D-B4A0-41BF-AE5B-768C53D668C2}"
EndProject
Project("{9A19103F-16F7-4668-BE54-9A1E7A4F7556}") = "PathSum", "PathSum\PathSum.csproj", "{AD6D478B-E271-48EF-9416-83A21DB53D33}"
EndProject
Project("{9A19103F-16F7-4668-BE54-9A1E7A4F7556}") = "PascalsTriangle", "PascalsTriangle\PascalsTriangle.csproj", "{4F713E49-D58F-41F4-9B2F-5BB2359C54C5}"
EndProject
Project("{9A19103F-16F7-4668-BE54-9A1E7A4F7556}") = "PascalsTriangle2", "PascalsTriangle2\PascalsTriangle2.csproj", "{8C475928-4569-47D5-AF4A-0B2FA707969F}"
EndProject
Project("{9A19103F-16F7-4668-BE54-9A1E7A4F7556}") = "BestTimetoBuyandSellStock", "BestTimetoBuyandSellStock\BestTimetoBuyandSellStock.csproj", "{13CFB1CF-56A7-42FF-808D-F7D838616B17}"
EndProject
Project("{9A19103F-16F7-4668-BE54-9A1E7A4F7556}") = "ValidPalindrome", "ValidPalindrome\ValidPalindrome.csproj", "{3F9051CB-AF9B-4370-A021-44E92DC5B9D1}"
EndProject
Project("{9A19103F-16F7-4668-BE54-9A1E7A4F7556}") = "SingleNumber", "SingleNumber\SingleNumber.csproj", "{6AFD72B6-26E4-4377-9654-5C31B5C6846D}"
EndProject
Project("{9A19103F-16F7-4668-BE54-9A1E7A4F7556}") = "LinkedListCycle", "LinkedListCycle\LinkedListCycle.csproj", "{891BA537-FBE3-4E2F-A507-C3B41979342C}"
EndProject
Project("{9A19103F-16F7-4668-BE54-9A1E7A4F7556}") = "BinaryTreePreorderTraversal", "BinaryTreePreorderTraversal\BinaryTreePreorderTraversal.csproj", "{E69CB1E8-B8FF-4C00-9AEF-91624044016B}"
EndProject
Project("{9A19103F-16F7-4668-BE54-9A1E7A4F7556}") = "BinaryTreePostorderTraversal", "BinaryTreePostorderTraversal\BinaryTreePostorderTraversal.csproj", "{10D6D14B-D9D7-4672-BC3E-CCA608A15FB8}"
EndProject
Project("{9A19103F-16F7-4668-BE54-9A1E7A4F7556}") = "IntersectionofTwoLinkedLists", "IntersectionofTwoLinkedLists\IntersectionofTwoLinkedLists.csproj", "{3FE40CE9-BD17-4C15-9960-509ABF297439}"
EndProject
Project("{9A19103F-16F7-4668-BE54-9A1E7A4F7556}") = "ExcelSheetColumnTitle", "ExcelSheetColumnTitle\ExcelSheetColumnTitle.csproj", "{9886A785-6B98-485B-A55E-0B2032138CAA}"
EndProject
Project("{9A19103F-16F7-4668-BE54-9A1E7A4F7556}") = "MajorityElement", "MajorityElement\MajorityElement.csproj", "{99BE9A67-026A-476E-A441-DE90D7DFB4C6}"
EndProject
Project("{9A19103F-16F7-4668-BE54-9A1E7A4F7556}") = "ExcelSheetColumnNumber", "ExcelSheetColumnNumber\ExcelSheetColumnNumber.csproj", "{EFAC773B-9D4C-4BEF-BB4A-347B4A25CCF6}"
EndProject
Project("{9A19103F-16F7-4668-BE54-9A1E7A4F7556}") = "ReverseBits", "ReverseBits\ReverseBits.csproj", "{9421C67F-65E2-4921-AEC9-840D1069FEF6}"
EndProject
Project("{9A19103F-16F7-4668-BE54-9A1E7A4F7556}") = "Numberof1Bits", "Numberof1Bits\Numberof1Bits.csproj", "{AF73F695-2F8A-4077-9BB0-9601AC416557}"
EndProject
Project("{9A19103F-16F7-4668-BE54-9A1E7A4F7556}") = "HappyNumber", "HappyNumber\HappyNumber.csproj", "{FDB45BAE-9F22-48B9-BAF6-362D985C91E6}"
EndProject
Project("{9A19103F-16F7-4668-BE54-9A1E7A4F7556}") = "Remove Linked List Elements", "Remove Linked List Elements\Remove Linked List Elements.csproj", "{927F8A8F-DBC2-426A-A2FC-51EF82703232}"
EndProject
Project("{9A19103F-16F7-4668-BE54-9A1E7A4F7556}") = "IsomorphicStrings", "IsomorphicStrings\IsomorphicStrings.csproj", "{02632086-6229-4991-A247-3190AE372060}"
EndProject
Project("{9A19103F-16F7-4668-BE54-9A1E7A4F7556}") = "ReverseLinkedList", "ReverseLinkedList\ReverseLinkedList.csproj", "{C628A04B-278E-4531-A3EE-FC66C05CCDE1}"
EndProject
Project("{9A19103F-16F7-4668-BE54-9A1E7A4F7556}") = "ContainsDuplicate", "ContainsDuplicate\ContainsDuplicate.csproj", "{A5259188-4871-471B-BC60-5DA508B9FC9B}"
EndProject
Project("{9A19103F-16F7-4668-BE54-9A1E7A4F7556}") = "ContainsDuplicateIII", "ContainsDuplicateIII\ContainsDuplicateIII.csproj", "{E9748320-E65A-4DC9-BDD6-BBE11A364E49}"
EndProject
Project("{9A19103F-16F7-4668-BE54-9A1E7A4F7556}") = "ContainsDuplicateII", "ContainsDuplicateII\ContainsDuplicateII.csproj", "{36C7E703-E4F6-4D31-A74B-A9DD93D0FDA6}"
EndProject
Project("{9A19103F-16F7-4668-BE54-9A1E7A4F7556}") = "CountCompleteTreeNodes", "CountCompleteTreeNodes\CountCompleteTreeNodes.csproj", "{72B9F9C0-56E0-494E-AF9A-981DEFA1ECA9}"
EndProject
Project("{9A19103F-16F7-4668-BE54-9A1E7A4F7556}") = "ImplementStackusingQueues", "ImplementStackusingQueues\ImplementStackusingQueues.csproj", "{0A60CD0F-130F-48EB-AE7A-2423E6B4EAA8}"
EndProject
Project("{9A19103F-16F7-4668-BE54-9A1E7A4F7556}") = "InvertBinaryTree", "InvertBinaryTree\InvertBinaryTree.csproj", "{6E466CF9-EB94-40AC-A8CA-D674A3D2687F}"
EndProject
Project("{9A19103F-16F7-4668-BE54-9A1E7A4F7556}") = "PalindromicSubstrings", "PalindromicSubstrings\PalindromicSubstrings.csproj", "{15AE1EE3-611B-4322-9711-0C90959130BF}"
EndProject
Project("{9A19103F-16F7-4668-BE54-9A1E7A4F7556}") = "FindPolygonWiththeLargestPerimeter", "FindPolygonWiththeLargestPerimeter\FindPolygonWiththeLargestPerimeter.csproj", "{71FB8E63-0573-468B-8EFC-9153603EABAB}"
EndProject
Project("{9A19103F-16F7-4668-BE54-9A1E7A4F7556}") = "LeastNumberofUniqueIntegersafterKRemovals", "LeastNumberofUniqueIntegersafterKRemovals\LeastNumberofUniqueIntegersafterKRemovals.csproj", "{E2A04ED8-DFAF-4FF1-B269-A237D34767AA}"
EndProject
Project("{9A19103F-16F7-4668-BE54-9A1E7A4F7556}") = "SummaryRanges", "SummaryRanges\SummaryRanges.csproj", "{B5B56D7A-FFC9-40FA-9D5A-8F4C68927F66}"
EndProject
Project("{9A19103F-16F7-4668-BE54-9A1E7A4F7556}") = "PowerofTwo", "PowerofTwo\PowerofTwo.csproj", "{9D5ACCEA-971B-4DB6-B752-3156FA9E707F}"
EndProject
Project("{9A19103F-16F7-4668-BE54-9A1E7A4F7556}") = "FibonacciNumber", "FibonacciNumber\FibonacciNumber.csproj", "{1FF86A45-39E4-48D4-9321-9440D33B7D9A}"
EndProject
Project("{9A19103F-16F7-4668-BE54-9A1E7A4F7556}") = "ImplementQueueusingStacks", "ImplementQueueusingStacks\ImplementQueueusingStacks.csproj", "{08A4D786-27AE-4E45-AE1C-2DE740C47986}"
EndProject
Project("{9A19103F-16F7-4668-BE54-9A1E7A4F7556}") = "FindMedianfromDataStream", "FindMedianfromDataStream\FindMedianfromDataStream.csproj", "{C69AE573-6F51-4898-99A0-5D37B1825175}"
EndProject
Project("{9A19103F-16F7-4668-BE54-9A1E7A4F7556}") = "SlidingWindowMedian", "SlidingWindowMedian\SlidingWindowMedian.csproj", "{3330D4B0-8C4D-4922-ACFB-5B2A1FE32ACC}"
EndProject
Project("{9A19103F-16F7-4668-BE54-9A1E7A4F7556}") = "FurthestBuildingYouCanReach", "FurthestBuildingYouCanReach\FurthestBuildingYouCanReach.csproj", "{37C5D729-08A0-4DC9-BE35-46B8DC169959}"
EndProject
Project("{9A19103F-16F7-4668-BE54-9A1E7A4F7556}") = "MissingNumber", "MissingNumber\MissingNumber.csproj", "{C9A9FFC8-0DC7-4759-895C-CEC0E50872B5}"
EndProject
Project("{9A19103F-16F7-4668-BE54-9A1E7A4F7556}") = "PalindromeLinkedList", "PalindromeLinkedList\PalindromeLinkedList.csproj", "{7E739EEE-94F0-4518-B069-0A45B0C1D1A0}"
EndProject
Project("{9A19103F-16F7-4668-BE54-9A1E7A4F7556}") = "BitwiseANDofNumbersRange", "BitwiseANDofNumbersRange\BitwiseANDofNumbersRange.csproj", "{166AE308-A068-4A60-885F-67285A1728DD}"
EndProject
Project("{9A19103F-16F7-4668-BE54-9A1E7A4F7556}") = "FindtheTownJudge", "FindtheTownJudge\FindtheTownJudge.csproj", "{F23D315D-1661-48C6-BC71-36CF16643452}"
EndProject
Project("{FAE04EC0-301F-11D3-BF4B-00C04F79EFBC}") = "ValidAnagram", "ValidAnagram\ValidAnagram.csproj", "{793605F6-217F-48AF-BCF9-71BE6E961DBC}"
EndProject
Project("{FAE04EC0-301F-11D3-BF4B-00C04F79EFBC}") = "BinaryTreePaths", "BinaryTreePaths\BinaryTreePaths.csproj", "{BDEA19AC-5584-4A10-8838-6F65B6A21704}"
EndProject
Project("{FAE04EC0-301F-11D3-BF4B-00C04F79EFBC}") = "AddDigits", "AddDigits\AddDigits.csproj", "{26B5C8BD-AFFA-433D-B6A9-55C78B8FAB6F}"
EndProject
Project("{FAE04EC0-301F-11D3-BF4B-00C04F79EFBC}") = "FindAllPeopleWithSecret", "FindAllPeopleWithSecret\FindAllPeopleWithSecret.csproj", "{97555F83-4B36-4713-B0CA-5CAAEDA22F96}"
EndProject
Global
	GlobalSection(SolutionConfigurationPlatforms) = preSolution
		Debug|Any CPU = Debug|Any CPU
		Release|Any CPU = Release|Any CPU
	EndGlobalSection
	GlobalSection(ProjectConfigurationPlatforms) = postSolution
		{B09FC4E5-DD8B-46D6-A4C7-FB8545D49E1D}.Debug|Any CPU.ActiveCfg = Debug|Any CPU
		{B09FC4E5-DD8B-46D6-A4C7-FB8545D49E1D}.Debug|Any CPU.Build.0 = Debug|Any CPU
		{B09FC4E5-DD8B-46D6-A4C7-FB8545D49E1D}.Release|Any CPU.ActiveCfg = Release|Any CPU
		{B09FC4E5-DD8B-46D6-A4C7-FB8545D49E1D}.Release|Any CPU.Build.0 = Release|Any CPU
		{77A9AE7A-A4B1-48BF-9018-CC5546527218}.Debug|Any CPU.ActiveCfg = Debug|Any CPU
		{77A9AE7A-A4B1-48BF-9018-CC5546527218}.Debug|Any CPU.Build.0 = Debug|Any CPU
		{77A9AE7A-A4B1-48BF-9018-CC5546527218}.Release|Any CPU.ActiveCfg = Release|Any CPU
		{77A9AE7A-A4B1-48BF-9018-CC5546527218}.Release|Any CPU.Build.0 = Release|Any CPU
		{CFD93CBF-7E5A-43D2-88A6-700ECB0B4901}.Debug|Any CPU.ActiveCfg = Debug|Any CPU
		{CFD93CBF-7E5A-43D2-88A6-700ECB0B4901}.Debug|Any CPU.Build.0 = Debug|Any CPU
		{CFD93CBF-7E5A-43D2-88A6-700ECB0B4901}.Release|Any CPU.ActiveCfg = Release|Any CPU
		{CFD93CBF-7E5A-43D2-88A6-700ECB0B4901}.Release|Any CPU.Build.0 = Release|Any CPU
		{BBFB8C40-E205-4931-AC9D-F5DA3B1E3009}.Debug|Any CPU.ActiveCfg = Debug|Any CPU
		{BBFB8C40-E205-4931-AC9D-F5DA3B1E3009}.Debug|Any CPU.Build.0 = Debug|Any CPU
		{BBFB8C40-E205-4931-AC9D-F5DA3B1E3009}.Release|Any CPU.ActiveCfg = Release|Any CPU
		{BBFB8C40-E205-4931-AC9D-F5DA3B1E3009}.Release|Any CPU.Build.0 = Release|Any CPU
		{82844D83-8802-44C3-BD86-BBD488B0DE42}.Debug|Any CPU.ActiveCfg = Debug|Any CPU
		{82844D83-8802-44C3-BD86-BBD488B0DE42}.Debug|Any CPU.Build.0 = Debug|Any CPU
		{82844D83-8802-44C3-BD86-BBD488B0DE42}.Release|Any CPU.ActiveCfg = Release|Any CPU
		{82844D83-8802-44C3-BD86-BBD488B0DE42}.Release|Any CPU.Build.0 = Release|Any CPU
		{B136AF8D-1752-4B83-AB09-0E561B0C0F8A}.Debug|Any CPU.ActiveCfg = Debug|Any CPU
		{B136AF8D-1752-4B83-AB09-0E561B0C0F8A}.Debug|Any CPU.Build.0 = Debug|Any CPU
		{B136AF8D-1752-4B83-AB09-0E561B0C0F8A}.Release|Any CPU.ActiveCfg = Release|Any CPU
		{B136AF8D-1752-4B83-AB09-0E561B0C0F8A}.Release|Any CPU.Build.0 = Release|Any CPU
		{BA59351C-8C77-465E-9E9D-EBC0206FD2B3}.Debug|Any CPU.ActiveCfg = Debug|Any CPU
		{BA59351C-8C77-465E-9E9D-EBC0206FD2B3}.Debug|Any CPU.Build.0 = Debug|Any CPU
		{BA59351C-8C77-465E-9E9D-EBC0206FD2B3}.Release|Any CPU.ActiveCfg = Release|Any CPU
		{BA59351C-8C77-465E-9E9D-EBC0206FD2B3}.Release|Any CPU.Build.0 = Release|Any CPU
		{117E58A3-18B0-4F72-8060-0DE83F048BDD}.Debug|Any CPU.ActiveCfg = Debug|Any CPU
		{117E58A3-18B0-4F72-8060-0DE83F048BDD}.Debug|Any CPU.Build.0 = Debug|Any CPU
		{117E58A3-18B0-4F72-8060-0DE83F048BDD}.Release|Any CPU.ActiveCfg = Release|Any CPU
		{117E58A3-18B0-4F72-8060-0DE83F048BDD}.Release|Any CPU.Build.0 = Release|Any CPU
		{8C574DBE-BE45-4DCC-B349-6268DB894FBB}.Debug|Any CPU.ActiveCfg = Debug|Any CPU
		{8C574DBE-BE45-4DCC-B349-6268DB894FBB}.Debug|Any CPU.Build.0 = Debug|Any CPU
		{8C574DBE-BE45-4DCC-B349-6268DB894FBB}.Release|Any CPU.ActiveCfg = Release|Any CPU
		{8C574DBE-BE45-4DCC-B349-6268DB894FBB}.Release|Any CPU.Build.0 = Release|Any CPU
		{D3356D78-E8F6-4BDF-99F1-F4CF79B64EBE}.Debug|Any CPU.ActiveCfg = Debug|Any CPU
		{D3356D78-E8F6-4BDF-99F1-F4CF79B64EBE}.Debug|Any CPU.Build.0 = Debug|Any CPU
		{D3356D78-E8F6-4BDF-99F1-F4CF79B64EBE}.Release|Any CPU.ActiveCfg = Release|Any CPU
		{D3356D78-E8F6-4BDF-99F1-F4CF79B64EBE}.Release|Any CPU.Build.0 = Release|Any CPU
		{3BA0EDDB-978D-4E7F-92D5-629A5A243F58}.Debug|Any CPU.ActiveCfg = Debug|Any CPU
		{3BA0EDDB-978D-4E7F-92D5-629A5A243F58}.Debug|Any CPU.Build.0 = Debug|Any CPU
		{3BA0EDDB-978D-4E7F-92D5-629A5A243F58}.Release|Any CPU.ActiveCfg = Release|Any CPU
		{3BA0EDDB-978D-4E7F-92D5-629A5A243F58}.Release|Any CPU.Build.0 = Release|Any CPU
		{011DF701-4603-44F5-99B5-1207640308EE}.Debug|Any CPU.ActiveCfg = Debug|Any CPU
		{011DF701-4603-44F5-99B5-1207640308EE}.Debug|Any CPU.Build.0 = Debug|Any CPU
		{011DF701-4603-44F5-99B5-1207640308EE}.Release|Any CPU.ActiveCfg = Release|Any CPU
		{011DF701-4603-44F5-99B5-1207640308EE}.Release|Any CPU.Build.0 = Release|Any CPU
		{BE194999-D29D-489E-9F3F-30FBFA83E298}.Debug|Any CPU.ActiveCfg = Debug|Any CPU
		{BE194999-D29D-489E-9F3F-30FBFA83E298}.Debug|Any CPU.Build.0 = Debug|Any CPU
		{BE194999-D29D-489E-9F3F-30FBFA83E298}.Release|Any CPU.ActiveCfg = Release|Any CPU
		{BE194999-D29D-489E-9F3F-30FBFA83E298}.Release|Any CPU.Build.0 = Release|Any CPU
		{82692B0D-79B8-4974-B16B-9FEF191AB47A}.Debug|Any CPU.ActiveCfg = Debug|Any CPU
		{82692B0D-79B8-4974-B16B-9FEF191AB47A}.Debug|Any CPU.Build.0 = Debug|Any CPU
		{82692B0D-79B8-4974-B16B-9FEF191AB47A}.Release|Any CPU.ActiveCfg = Release|Any CPU
		{82692B0D-79B8-4974-B16B-9FEF191AB47A}.Release|Any CPU.Build.0 = Release|Any CPU
		{223A6170-2957-421C-9E98-C7BC8E2E7D5B}.Debug|Any CPU.ActiveCfg = Debug|Any CPU
		{223A6170-2957-421C-9E98-C7BC8E2E7D5B}.Debug|Any CPU.Build.0 = Debug|Any CPU
		{223A6170-2957-421C-9E98-C7BC8E2E7D5B}.Release|Any CPU.ActiveCfg = Release|Any CPU
		{223A6170-2957-421C-9E98-C7BC8E2E7D5B}.Release|Any CPU.Build.0 = Release|Any CPU
		{DD0BDF30-A708-4810-84B8-1CFE80180C7F}.Debug|Any CPU.ActiveCfg = Debug|Any CPU
		{DD0BDF30-A708-4810-84B8-1CFE80180C7F}.Debug|Any CPU.Build.0 = Debug|Any CPU
		{DD0BDF30-A708-4810-84B8-1CFE80180C7F}.Release|Any CPU.ActiveCfg = Release|Any CPU
		{DD0BDF30-A708-4810-84B8-1CFE80180C7F}.Release|Any CPU.Build.0 = Release|Any CPU
		{5E0CE9ED-C172-4564-9371-8E2A7A2C915A}.Debug|Any CPU.ActiveCfg = Debug|Any CPU
		{5E0CE9ED-C172-4564-9371-8E2A7A2C915A}.Debug|Any CPU.Build.0 = Debug|Any CPU
		{5E0CE9ED-C172-4564-9371-8E2A7A2C915A}.Release|Any CPU.ActiveCfg = Release|Any CPU
		{5E0CE9ED-C172-4564-9371-8E2A7A2C915A}.Release|Any CPU.Build.0 = Release|Any CPU
		{0E5473C4-BCB7-45D4-BE38-F948F758DD1C}.Debug|Any CPU.ActiveCfg = Debug|Any CPU
		{0E5473C4-BCB7-45D4-BE38-F948F758DD1C}.Debug|Any CPU.Build.0 = Debug|Any CPU
		{0E5473C4-BCB7-45D4-BE38-F948F758DD1C}.Release|Any CPU.ActiveCfg = Release|Any CPU
		{0E5473C4-BCB7-45D4-BE38-F948F758DD1C}.Release|Any CPU.Build.0 = Release|Any CPU
		{675547CD-5F42-4D03-8737-594E23E14C26}.Debug|Any CPU.ActiveCfg = Debug|Any CPU
		{675547CD-5F42-4D03-8737-594E23E14C26}.Debug|Any CPU.Build.0 = Debug|Any CPU
		{675547CD-5F42-4D03-8737-594E23E14C26}.Release|Any CPU.ActiveCfg = Release|Any CPU
		{675547CD-5F42-4D03-8737-594E23E14C26}.Release|Any CPU.Build.0 = Release|Any CPU
		{949201CA-D997-464B-AE60-FF7DB634AEB9}.Debug|Any CPU.ActiveCfg = Debug|Any CPU
		{949201CA-D997-464B-AE60-FF7DB634AEB9}.Debug|Any CPU.Build.0 = Debug|Any CPU
		{949201CA-D997-464B-AE60-FF7DB634AEB9}.Release|Any CPU.ActiveCfg = Release|Any CPU
		{949201CA-D997-464B-AE60-FF7DB634AEB9}.Release|Any CPU.Build.0 = Release|Any CPU
		{3A99B3FE-5D9A-415A-91BD-B2DC0DDBEA68}.Debug|Any CPU.ActiveCfg = Debug|Any CPU
		{3A99B3FE-5D9A-415A-91BD-B2DC0DDBEA68}.Debug|Any CPU.Build.0 = Debug|Any CPU
		{3A99B3FE-5D9A-415A-91BD-B2DC0DDBEA68}.Release|Any CPU.ActiveCfg = Release|Any CPU
		{3A99B3FE-5D9A-415A-91BD-B2DC0DDBEA68}.Release|Any CPU.Build.0 = Release|Any CPU
		{13224460-0FC0-481A-9992-9A8F235CC1F0}.Debug|Any CPU.ActiveCfg = Debug|Any CPU
		{13224460-0FC0-481A-9992-9A8F235CC1F0}.Debug|Any CPU.Build.0 = Debug|Any CPU
		{13224460-0FC0-481A-9992-9A8F235CC1F0}.Release|Any CPU.ActiveCfg = Release|Any CPU
		{13224460-0FC0-481A-9992-9A8F235CC1F0}.Release|Any CPU.Build.0 = Release|Any CPU
		{976A7561-E6C9-4C55-9AD7-8D838B950A3B}.Debug|Any CPU.ActiveCfg = Debug|Any CPU
		{976A7561-E6C9-4C55-9AD7-8D838B950A3B}.Debug|Any CPU.Build.0 = Debug|Any CPU
		{976A7561-E6C9-4C55-9AD7-8D838B950A3B}.Release|Any CPU.ActiveCfg = Release|Any CPU
		{976A7561-E6C9-4C55-9AD7-8D838B950A3B}.Release|Any CPU.Build.0 = Release|Any CPU
		{A38F2F7D-B4A0-41BF-AE5B-768C53D668C2}.Debug|Any CPU.ActiveCfg = Debug|Any CPU
		{A38F2F7D-B4A0-41BF-AE5B-768C53D668C2}.Debug|Any CPU.Build.0 = Debug|Any CPU
		{A38F2F7D-B4A0-41BF-AE5B-768C53D668C2}.Release|Any CPU.ActiveCfg = Release|Any CPU
		{A38F2F7D-B4A0-41BF-AE5B-768C53D668C2}.Release|Any CPU.Build.0 = Release|Any CPU
		{AD6D478B-E271-48EF-9416-83A21DB53D33}.Debug|Any CPU.ActiveCfg = Debug|Any CPU
		{AD6D478B-E271-48EF-9416-83A21DB53D33}.Debug|Any CPU.Build.0 = Debug|Any CPU
		{AD6D478B-E271-48EF-9416-83A21DB53D33}.Release|Any CPU.ActiveCfg = Release|Any CPU
		{AD6D478B-E271-48EF-9416-83A21DB53D33}.Release|Any CPU.Build.0 = Release|Any CPU
		{4F713E49-D58F-41F4-9B2F-5BB2359C54C5}.Debug|Any CPU.ActiveCfg = Debug|Any CPU
		{4F713E49-D58F-41F4-9B2F-5BB2359C54C5}.Debug|Any CPU.Build.0 = Debug|Any CPU
		{4F713E49-D58F-41F4-9B2F-5BB2359C54C5}.Release|Any CPU.ActiveCfg = Release|Any CPU
		{4F713E49-D58F-41F4-9B2F-5BB2359C54C5}.Release|Any CPU.Build.0 = Release|Any CPU
		{8C475928-4569-47D5-AF4A-0B2FA707969F}.Debug|Any CPU.ActiveCfg = Debug|Any CPU
		{8C475928-4569-47D5-AF4A-0B2FA707969F}.Debug|Any CPU.Build.0 = Debug|Any CPU
		{8C475928-4569-47D5-AF4A-0B2FA707969F}.Release|Any CPU.ActiveCfg = Release|Any CPU
		{8C475928-4569-47D5-AF4A-0B2FA707969F}.Release|Any CPU.Build.0 = Release|Any CPU
		{13CFB1CF-56A7-42FF-808D-F7D838616B17}.Debug|Any CPU.ActiveCfg = Debug|Any CPU
		{13CFB1CF-56A7-42FF-808D-F7D838616B17}.Debug|Any CPU.Build.0 = Debug|Any CPU
		{13CFB1CF-56A7-42FF-808D-F7D838616B17}.Release|Any CPU.ActiveCfg = Release|Any CPU
		{13CFB1CF-56A7-42FF-808D-F7D838616B17}.Release|Any CPU.Build.0 = Release|Any CPU
		{3F9051CB-AF9B-4370-A021-44E92DC5B9D1}.Debug|Any CPU.ActiveCfg = Debug|Any CPU
		{3F9051CB-AF9B-4370-A021-44E92DC5B9D1}.Debug|Any CPU.Build.0 = Debug|Any CPU
		{3F9051CB-AF9B-4370-A021-44E92DC5B9D1}.Release|Any CPU.ActiveCfg = Release|Any CPU
		{3F9051CB-AF9B-4370-A021-44E92DC5B9D1}.Release|Any CPU.Build.0 = Release|Any CPU
		{6AFD72B6-26E4-4377-9654-5C31B5C6846D}.Debug|Any CPU.ActiveCfg = Debug|Any CPU
		{6AFD72B6-26E4-4377-9654-5C31B5C6846D}.Debug|Any CPU.Build.0 = Debug|Any CPU
		{6AFD72B6-26E4-4377-9654-5C31B5C6846D}.Release|Any CPU.ActiveCfg = Release|Any CPU
		{6AFD72B6-26E4-4377-9654-5C31B5C6846D}.Release|Any CPU.Build.0 = Release|Any CPU
		{891BA537-FBE3-4E2F-A507-C3B41979342C}.Debug|Any CPU.ActiveCfg = Debug|Any CPU
		{891BA537-FBE3-4E2F-A507-C3B41979342C}.Debug|Any CPU.Build.0 = Debug|Any CPU
		{891BA537-FBE3-4E2F-A507-C3B41979342C}.Release|Any CPU.ActiveCfg = Release|Any CPU
		{891BA537-FBE3-4E2F-A507-C3B41979342C}.Release|Any CPU.Build.0 = Release|Any CPU
		{E69CB1E8-B8FF-4C00-9AEF-91624044016B}.Debug|Any CPU.ActiveCfg = Debug|Any CPU
		{E69CB1E8-B8FF-4C00-9AEF-91624044016B}.Debug|Any CPU.Build.0 = Debug|Any CPU
		{E69CB1E8-B8FF-4C00-9AEF-91624044016B}.Release|Any CPU.ActiveCfg = Release|Any CPU
		{E69CB1E8-B8FF-4C00-9AEF-91624044016B}.Release|Any CPU.Build.0 = Release|Any CPU
		{10D6D14B-D9D7-4672-BC3E-CCA608A15FB8}.Debug|Any CPU.ActiveCfg = Debug|Any CPU
		{10D6D14B-D9D7-4672-BC3E-CCA608A15FB8}.Debug|Any CPU.Build.0 = Debug|Any CPU
		{10D6D14B-D9D7-4672-BC3E-CCA608A15FB8}.Release|Any CPU.ActiveCfg = Release|Any CPU
		{10D6D14B-D9D7-4672-BC3E-CCA608A15FB8}.Release|Any CPU.Build.0 = Release|Any CPU
		{3FE40CE9-BD17-4C15-9960-509ABF297439}.Debug|Any CPU.ActiveCfg = Debug|Any CPU
		{3FE40CE9-BD17-4C15-9960-509ABF297439}.Debug|Any CPU.Build.0 = Debug|Any CPU
		{3FE40CE9-BD17-4C15-9960-509ABF297439}.Release|Any CPU.ActiveCfg = Release|Any CPU
		{3FE40CE9-BD17-4C15-9960-509ABF297439}.Release|Any CPU.Build.0 = Release|Any CPU
		{9886A785-6B98-485B-A55E-0B2032138CAA}.Debug|Any CPU.ActiveCfg = Debug|Any CPU
		{9886A785-6B98-485B-A55E-0B2032138CAA}.Debug|Any CPU.Build.0 = Debug|Any CPU
		{9886A785-6B98-485B-A55E-0B2032138CAA}.Release|Any CPU.ActiveCfg = Release|Any CPU
		{9886A785-6B98-485B-A55E-0B2032138CAA}.Release|Any CPU.Build.0 = Release|Any CPU
		{99BE9A67-026A-476E-A441-DE90D7DFB4C6}.Debug|Any CPU.ActiveCfg = Debug|Any CPU
		{99BE9A67-026A-476E-A441-DE90D7DFB4C6}.Debug|Any CPU.Build.0 = Debug|Any CPU
		{99BE9A67-026A-476E-A441-DE90D7DFB4C6}.Release|Any CPU.ActiveCfg = Release|Any CPU
		{99BE9A67-026A-476E-A441-DE90D7DFB4C6}.Release|Any CPU.Build.0 = Release|Any CPU
		{EFAC773B-9D4C-4BEF-BB4A-347B4A25CCF6}.Debug|Any CPU.ActiveCfg = Debug|Any CPU
		{EFAC773B-9D4C-4BEF-BB4A-347B4A25CCF6}.Debug|Any CPU.Build.0 = Debug|Any CPU
		{EFAC773B-9D4C-4BEF-BB4A-347B4A25CCF6}.Release|Any CPU.ActiveCfg = Release|Any CPU
		{EFAC773B-9D4C-4BEF-BB4A-347B4A25CCF6}.Release|Any CPU.Build.0 = Release|Any CPU
		{9421C67F-65E2-4921-AEC9-840D1069FEF6}.Debug|Any CPU.ActiveCfg = Debug|Any CPU
		{9421C67F-65E2-4921-AEC9-840D1069FEF6}.Debug|Any CPU.Build.0 = Debug|Any CPU
		{9421C67F-65E2-4921-AEC9-840D1069FEF6}.Release|Any CPU.ActiveCfg = Release|Any CPU
		{9421C67F-65E2-4921-AEC9-840D1069FEF6}.Release|Any CPU.Build.0 = Release|Any CPU
		{AF73F695-2F8A-4077-9BB0-9601AC416557}.Debug|Any CPU.ActiveCfg = Debug|Any CPU
		{AF73F695-2F8A-4077-9BB0-9601AC416557}.Debug|Any CPU.Build.0 = Debug|Any CPU
		{AF73F695-2F8A-4077-9BB0-9601AC416557}.Release|Any CPU.ActiveCfg = Release|Any CPU
		{AF73F695-2F8A-4077-9BB0-9601AC416557}.Release|Any CPU.Build.0 = Release|Any CPU
		{FDB45BAE-9F22-48B9-BAF6-362D985C91E6}.Debug|Any CPU.ActiveCfg = Debug|Any CPU
		{FDB45BAE-9F22-48B9-BAF6-362D985C91E6}.Debug|Any CPU.Build.0 = Debug|Any CPU
		{FDB45BAE-9F22-48B9-BAF6-362D985C91E6}.Release|Any CPU.ActiveCfg = Release|Any CPU
		{FDB45BAE-9F22-48B9-BAF6-362D985C91E6}.Release|Any CPU.Build.0 = Release|Any CPU
		{927F8A8F-DBC2-426A-A2FC-51EF82703232}.Debug|Any CPU.ActiveCfg = Debug|Any CPU
		{927F8A8F-DBC2-426A-A2FC-51EF82703232}.Debug|Any CPU.Build.0 = Debug|Any CPU
		{927F8A8F-DBC2-426A-A2FC-51EF82703232}.Release|Any CPU.ActiveCfg = Release|Any CPU
		{927F8A8F-DBC2-426A-A2FC-51EF82703232}.Release|Any CPU.Build.0 = Release|Any CPU
		{02632086-6229-4991-A247-3190AE372060}.Debug|Any CPU.ActiveCfg = Debug|Any CPU
		{02632086-6229-4991-A247-3190AE372060}.Debug|Any CPU.Build.0 = Debug|Any CPU
		{02632086-6229-4991-A247-3190AE372060}.Release|Any CPU.ActiveCfg = Release|Any CPU
		{02632086-6229-4991-A247-3190AE372060}.Release|Any CPU.Build.0 = Release|Any CPU
		{C628A04B-278E-4531-A3EE-FC66C05CCDE1}.Debug|Any CPU.ActiveCfg = Debug|Any CPU
		{C628A04B-278E-4531-A3EE-FC66C05CCDE1}.Debug|Any CPU.Build.0 = Debug|Any CPU
		{C628A04B-278E-4531-A3EE-FC66C05CCDE1}.Release|Any CPU.ActiveCfg = Release|Any CPU
		{C628A04B-278E-4531-A3EE-FC66C05CCDE1}.Release|Any CPU.Build.0 = Release|Any CPU
		{A5259188-4871-471B-BC60-5DA508B9FC9B}.Debug|Any CPU.ActiveCfg = Debug|Any CPU
		{A5259188-4871-471B-BC60-5DA508B9FC9B}.Debug|Any CPU.Build.0 = Debug|Any CPU
		{A5259188-4871-471B-BC60-5DA508B9FC9B}.Release|Any CPU.ActiveCfg = Release|Any CPU
		{A5259188-4871-471B-BC60-5DA508B9FC9B}.Release|Any CPU.Build.0 = Release|Any CPU
		{E9748320-E65A-4DC9-BDD6-BBE11A364E49}.Debug|Any CPU.ActiveCfg = Debug|Any CPU
		{E9748320-E65A-4DC9-BDD6-BBE11A364E49}.Debug|Any CPU.Build.0 = Debug|Any CPU
		{E9748320-E65A-4DC9-BDD6-BBE11A364E49}.Release|Any CPU.ActiveCfg = Release|Any CPU
		{E9748320-E65A-4DC9-BDD6-BBE11A364E49}.Release|Any CPU.Build.0 = Release|Any CPU
		{36C7E703-E4F6-4D31-A74B-A9DD93D0FDA6}.Debug|Any CPU.ActiveCfg = Debug|Any CPU
		{36C7E703-E4F6-4D31-A74B-A9DD93D0FDA6}.Debug|Any CPU.Build.0 = Debug|Any CPU
		{36C7E703-E4F6-4D31-A74B-A9DD93D0FDA6}.Release|Any CPU.ActiveCfg = Release|Any CPU
		{36C7E703-E4F6-4D31-A74B-A9DD93D0FDA6}.Release|Any CPU.Build.0 = Release|Any CPU
		{72B9F9C0-56E0-494E-AF9A-981DEFA1ECA9}.Debug|Any CPU.ActiveCfg = Debug|Any CPU
		{72B9F9C0-56E0-494E-AF9A-981DEFA1ECA9}.Debug|Any CPU.Build.0 = Debug|Any CPU
		{72B9F9C0-56E0-494E-AF9A-981DEFA1ECA9}.Release|Any CPU.ActiveCfg = Release|Any CPU
		{72B9F9C0-56E0-494E-AF9A-981DEFA1ECA9}.Release|Any CPU.Build.0 = Release|Any CPU
		{0A60CD0F-130F-48EB-AE7A-2423E6B4EAA8}.Debug|Any CPU.ActiveCfg = Debug|Any CPU
		{0A60CD0F-130F-48EB-AE7A-2423E6B4EAA8}.Debug|Any CPU.Build.0 = Debug|Any CPU
		{0A60CD0F-130F-48EB-AE7A-2423E6B4EAA8}.Release|Any CPU.ActiveCfg = Release|Any CPU
		{0A60CD0F-130F-48EB-AE7A-2423E6B4EAA8}.Release|Any CPU.Build.0 = Release|Any CPU
		{6E466CF9-EB94-40AC-A8CA-D674A3D2687F}.Debug|Any CPU.ActiveCfg = Debug|Any CPU
		{6E466CF9-EB94-40AC-A8CA-D674A3D2687F}.Debug|Any CPU.Build.0 = Debug|Any CPU
		{6E466CF9-EB94-40AC-A8CA-D674A3D2687F}.Release|Any CPU.ActiveCfg = Release|Any CPU
		{6E466CF9-EB94-40AC-A8CA-D674A3D2687F}.Release|Any CPU.Build.0 = Release|Any CPU
		{15AE1EE3-611B-4322-9711-0C90959130BF}.Debug|Any CPU.ActiveCfg = Debug|Any CPU
		{15AE1EE3-611B-4322-9711-0C90959130BF}.Debug|Any CPU.Build.0 = Debug|Any CPU
		{15AE1EE3-611B-4322-9711-0C90959130BF}.Release|Any CPU.ActiveCfg = Release|Any CPU
		{15AE1EE3-611B-4322-9711-0C90959130BF}.Release|Any CPU.Build.0 = Release|Any CPU
		{71FB8E63-0573-468B-8EFC-9153603EABAB}.Debug|Any CPU.ActiveCfg = Debug|Any CPU
		{71FB8E63-0573-468B-8EFC-9153603EABAB}.Debug|Any CPU.Build.0 = Debug|Any CPU
		{71FB8E63-0573-468B-8EFC-9153603EABAB}.Release|Any CPU.ActiveCfg = Release|Any CPU
		{71FB8E63-0573-468B-8EFC-9153603EABAB}.Release|Any CPU.Build.0 = Release|Any CPU
		{E2A04ED8-DFAF-4FF1-B269-A237D34767AA}.Debug|Any CPU.ActiveCfg = Debug|Any CPU
		{E2A04ED8-DFAF-4FF1-B269-A237D34767AA}.Debug|Any CPU.Build.0 = Debug|Any CPU
		{E2A04ED8-DFAF-4FF1-B269-A237D34767AA}.Release|Any CPU.ActiveCfg = Release|Any CPU
		{E2A04ED8-DFAF-4FF1-B269-A237D34767AA}.Release|Any CPU.Build.0 = Release|Any CPU
		{B5B56D7A-FFC9-40FA-9D5A-8F4C68927F66}.Debug|Any CPU.ActiveCfg = Debug|Any CPU
		{B5B56D7A-FFC9-40FA-9D5A-8F4C68927F66}.Debug|Any CPU.Build.0 = Debug|Any CPU
		{B5B56D7A-FFC9-40FA-9D5A-8F4C68927F66}.Release|Any CPU.ActiveCfg = Release|Any CPU
		{B5B56D7A-FFC9-40FA-9D5A-8F4C68927F66}.Release|Any CPU.Build.0 = Release|Any CPU
		{9D5ACCEA-971B-4DB6-B752-3156FA9E707F}.Debug|Any CPU.ActiveCfg = Debug|Any CPU
		{9D5ACCEA-971B-4DB6-B752-3156FA9E707F}.Debug|Any CPU.Build.0 = Debug|Any CPU
		{9D5ACCEA-971B-4DB6-B752-3156FA9E707F}.Release|Any CPU.ActiveCfg = Release|Any CPU
		{9D5ACCEA-971B-4DB6-B752-3156FA9E707F}.Release|Any CPU.Build.0 = Release|Any CPU
		{1FF86A45-39E4-48D4-9321-9440D33B7D9A}.Debug|Any CPU.ActiveCfg = Debug|Any CPU
		{1FF86A45-39E4-48D4-9321-9440D33B7D9A}.Debug|Any CPU.Build.0 = Debug|Any CPU
		{1FF86A45-39E4-48D4-9321-9440D33B7D9A}.Release|Any CPU.ActiveCfg = Release|Any CPU
		{1FF86A45-39E4-48D4-9321-9440D33B7D9A}.Release|Any CPU.Build.0 = Release|Any CPU
		{08A4D786-27AE-4E45-AE1C-2DE740C47986}.Debug|Any CPU.ActiveCfg = Debug|Any CPU
		{08A4D786-27AE-4E45-AE1C-2DE740C47986}.Debug|Any CPU.Build.0 = Debug|Any CPU
		{08A4D786-27AE-4E45-AE1C-2DE740C47986}.Release|Any CPU.ActiveCfg = Release|Any CPU
		{08A4D786-27AE-4E45-AE1C-2DE740C47986}.Release|Any CPU.Build.0 = Release|Any CPU
		{C69AE573-6F51-4898-99A0-5D37B1825175}.Debug|Any CPU.ActiveCfg = Debug|Any CPU
		{C69AE573-6F51-4898-99A0-5D37B1825175}.Debug|Any CPU.Build.0 = Debug|Any CPU
		{C69AE573-6F51-4898-99A0-5D37B1825175}.Release|Any CPU.ActiveCfg = Release|Any CPU
		{C69AE573-6F51-4898-99A0-5D37B1825175}.Release|Any CPU.Build.0 = Release|Any CPU
		{3330D4B0-8C4D-4922-ACFB-5B2A1FE32ACC}.Debug|Any CPU.ActiveCfg = Debug|Any CPU
		{3330D4B0-8C4D-4922-ACFB-5B2A1FE32ACC}.Debug|Any CPU.Build.0 = Debug|Any CPU
		{3330D4B0-8C4D-4922-ACFB-5B2A1FE32ACC}.Release|Any CPU.ActiveCfg = Release|Any CPU
		{3330D4B0-8C4D-4922-ACFB-5B2A1FE32ACC}.Release|Any CPU.Build.0 = Release|Any CPU
		{37C5D729-08A0-4DC9-BE35-46B8DC169959}.Debug|Any CPU.ActiveCfg = Debug|Any CPU
		{37C5D729-08A0-4DC9-BE35-46B8DC169959}.Debug|Any CPU.Build.0 = Debug|Any CPU
		{37C5D729-08A0-4DC9-BE35-46B8DC169959}.Release|Any CPU.ActiveCfg = Release|Any CPU
		{37C5D729-08A0-4DC9-BE35-46B8DC169959}.Release|Any CPU.Build.0 = Release|Any CPU
		{C9A9FFC8-0DC7-4759-895C-CEC0E50872B5}.Debug|Any CPU.ActiveCfg = Debug|Any CPU
		{C9A9FFC8-0DC7-4759-895C-CEC0E50872B5}.Debug|Any CPU.Build.0 = Debug|Any CPU
		{C9A9FFC8-0DC7-4759-895C-CEC0E50872B5}.Release|Any CPU.ActiveCfg = Release|Any CPU
		{C9A9FFC8-0DC7-4759-895C-CEC0E50872B5}.Release|Any CPU.Build.0 = Release|Any CPU
		{7E739EEE-94F0-4518-B069-0A45B0C1D1A0}.Debug|Any CPU.ActiveCfg = Debug|Any CPU
		{7E739EEE-94F0-4518-B069-0A45B0C1D1A0}.Debug|Any CPU.Build.0 = Debug|Any CPU
		{7E739EEE-94F0-4518-B069-0A45B0C1D1A0}.Release|Any CPU.ActiveCfg = Release|Any CPU
		{7E739EEE-94F0-4518-B069-0A45B0C1D1A0}.Release|Any CPU.Build.0 = Release|Any CPU
		{166AE308-A068-4A60-885F-67285A1728DD}.Debug|Any CPU.ActiveCfg = Debug|Any CPU
		{166AE308-A068-4A60-885F-67285A1728DD}.Debug|Any CPU.Build.0 = Debug|Any CPU
		{166AE308-A068-4A60-885F-67285A1728DD}.Release|Any CPU.ActiveCfg = Release|Any CPU
		{166AE308-A068-4A60-885F-67285A1728DD}.Release|Any CPU.Build.0 = Release|Any CPU
		{F23D315D-1661-48C6-BC71-36CF16643452}.Debug|Any CPU.ActiveCfg = Debug|Any CPU
		{F23D315D-1661-48C6-BC71-36CF16643452}.Debug|Any CPU.Build.0 = Debug|Any CPU
		{F23D315D-1661-48C6-BC71-36CF16643452}.Release|Any CPU.ActiveCfg = Release|Any CPU
		{F23D315D-1661-48C6-BC71-36CF16643452}.Release|Any CPU.Build.0 = Release|Any CPU
		{793605F6-217F-48AF-BCF9-71BE6E961DBC}.Debug|Any CPU.ActiveCfg = Debug|Any CPU
		{793605F6-217F-48AF-BCF9-71BE6E961DBC}.Debug|Any CPU.Build.0 = Debug|Any CPU
		{793605F6-217F-48AF-BCF9-71BE6E961DBC}.Release|Any CPU.ActiveCfg = Release|Any CPU
		{793605F6-217F-48AF-BCF9-71BE6E961DBC}.Release|Any CPU.Build.0 = Release|Any CPU
		{BDEA19AC-5584-4A10-8838-6F65B6A21704}.Debug|Any CPU.ActiveCfg = Debug|Any CPU
		{BDEA19AC-5584-4A10-8838-6F65B6A21704}.Debug|Any CPU.Build.0 = Debug|Any CPU
		{BDEA19AC-5584-4A10-8838-6F65B6A21704}.Release|Any CPU.ActiveCfg = Release|Any CPU
		{BDEA19AC-5584-4A10-8838-6F65B6A21704}.Release|Any CPU.Build.0 = Release|Any CPU
		{26B5C8BD-AFFA-433D-B6A9-55C78B8FAB6F}.Debug|Any CPU.ActiveCfg = Debug|Any CPU
		{26B5C8BD-AFFA-433D-B6A9-55C78B8FAB6F}.Debug|Any CPU.Build.0 = Debug|Any CPU
		{26B5C8BD-AFFA-433D-B6A9-55C78B8FAB6F}.Release|Any CPU.ActiveCfg = Release|Any CPU
		{26B5C8BD-AFFA-433D-B6A9-55C78B8FAB6F}.Release|Any CPU.Build.0 = Release|Any CPU
		{97555F83-4B36-4713-B0CA-5CAAEDA22F96}.Debug|Any CPU.ActiveCfg = Debug|Any CPU
		{97555F83-4B36-4713-B0CA-5CAAEDA22F96}.Debug|Any CPU.Build.0 = Debug|Any CPU
		{97555F83-4B36-4713-B0CA-5CAAEDA22F96}.Release|Any CPU.ActiveCfg = Release|Any CPU
		{97555F83-4B36-4713-B0CA-5CAAEDA22F96}.Release|Any CPU.Build.0 = Release|Any CPU
	EndGlobalSection
	GlobalSection(SolutionProperties) = preSolution
		HideSolutionNode = FALSE
	EndGlobalSection
	GlobalSection(ExtensibilityGlobals) = postSolution
		SolutionGuid = {50E38A55-3239-4F97-8662-681260D4AA13}
	EndGlobalSection
EndGlobal
